
Microsoft Visual Studio Solution File, Format Version 12.00
# Visual Studio Version 17
VisualStudioVersion = 17.2.32526.322
MinimumVisualStudioVersion = 10.0.40219.1
Project("{9A19103F-16F7-4668-BE54-9A1E7A4F7556}") = "Utils.Test", "Utils.Test\Utils.Test.csproj", "{7865B0B6-916A-4D2B-B0EF-24998152D5B5}"
EndProject
Project("{9A19103F-16F7-4668-BE54-9A1E7A4F7556}") = "Utils", "Utils\Utils.csproj", "{45E3E80E-E298-4C54-9A1D-2CC6F0DD04CA}"
EndProject
Global
	GlobalSection(SolutionConfigurationPlatforms) = preSolution
		Debug|Any CPU = Debug|Any CPU
		Release|Any CPU = Release|Any CPU
	EndGlobalSection
	GlobalSection(ProjectConfigurationPlatforms) = postSolution
		{7865B0B6-916A-4D2B-B0EF-24998152D5B5}.Debug|Any CPU.ActiveCfg = Debug|Any CPU
		{7865B0B6-916A-4D2B-B0EF-24998152D5B5}.Debug|Any CPU.Build.0 = Debug|Any CPU
		{7865B0B6-916A-4D2B-B0EF-24998152D5B5}.Release|Any CPU.ActiveCfg = Release|Any CPU
		{7865B0B6-916A-4D2B-B0EF-24998152D5B5}.Release|Any CPU.Build.0 = Release|Any CPU
		{45E3E80E-E298-4C54-9A1D-2CC6F0DD04CA}.Debug|Any CPU.ActiveCfg = Debug|Any CPU
		{45E3E80E-E298-4C54-9A1D-2CC6F0DD04CA}.Debug|Any CPU.Build.0 = Debug|Any CPU
		{45E3E80E-E298-4C54-9A1D-2CC6F0DD04CA}.Release|Any CPU.ActiveCfg = Release|Any CPU
		{45E3E80E-E298-4C54-9A1D-2CC6F0DD04CA}.Release|Any CPU.Build.0 = Release|Any CPU
	EndGlobalSection
	GlobalSection(SolutionProperties) = preSolution
		HideSolutionNode = FALSE
	EndGlobalSection
	GlobalSection(ExtensibilityGlobals) = postSolution
		SolutionGuid = {EBF67A4E-6CEC-45C0-95B5-91024C1DB96D}
	EndGlobalSection
EndGlobal
